
Microsoft Visual Studio Solution File, Format Version 12.00
# Visual Studio 15
VisualStudioVersion = 15.0.28307.329
MinimumVisualStudioVersion = 10.0.40219.1
Project("{FAE04EC0-301F-11D3-BF4B-00C04F79EFBC}") = "HouseOfGrey", "HouseOfGrey\HouseOfGrey.csproj", "{A94158A7-E0C9-4973-AA01-223B616AEEDB}"
EndProject
Global
	GlobalSection(SolutionConfigurationPlatforms) = preSolution
		Debug|Any CPU = Debug|Any CPU
		Release|Any CPU = Release|Any CPU
	EndGlobalSection
	GlobalSection(ProjectConfigurationPlatforms) = postSolution
		{A94158A7-E0C9-4973-AA01-223B616AEEDB}.Debug|Any CPU.ActiveCfg = Debug|Any CPU
		{A94158A7-E0C9-4973-AA01-223B616AEEDB}.Debug|Any CPU.Build.0 = Debug|Any CPU
		{A94158A7-E0C9-4973-AA01-223B616AEEDB}.Release|Any CPU.ActiveCfg = Release|Any CPU
		{A94158A7-E0C9-4973-AA01-223B616AEEDB}.Release|Any CPU.Build.0 = Release|Any CPU
	EndGlobalSection
	GlobalSection(SolutionProperties) = preSolution
		HideSolutionNode = FALSE
	EndGlobalSection
	GlobalSection(ExtensibilityGlobals) = postSolution
		SolutionGuid = {072CF606-A131-4F73-A8A8-7BC5DEA15DE8}
	EndGlobalSection
EndGlobal
